<?xml version="1.0" encoding="utf-8"?>
<Project ToolsVersion="4.0" xmlns="http://schemas.microsoft.com/developer/msbuild/2003">
  <ItemGroup>
    <Filter Include="Quelldateien">
      <UniqueIdentifier>{4FC737F1-C7A5-4376-A066-2A32D752A2FF}</UniqueIdentifier>
      <Extensions>cpp;c;cc;cxx;def;odl;idl;hpj;bat;asm;asmx</Extensions>
    </Filter>
    <Filter Include="Headerdateien">
      <UniqueIdentifier>{93995380-89BD-4b04-88EB-625FBE52EBFB}</UniqueIdentifier>
      <Extensions>h;hh;hpp;hxx;hm;inl;inc;ipp;xsd</Extensions>
    </Filter>
    <Filter Include="Ressourcendateien">
      <UniqueIdentifier>{67DA6AB6-F800-4c08-8B7A-83BB121AAD01}</UniqueIdentifier>
      <Extensions>rc;ico;cur;bmp;dlg;rc2;rct;bin;rgs;gif;jpg;jpeg;jpe;resx;tiff;tif;png;wav;mfcribbon-ms</Extensions>
    </Filter>
  </ItemGroup>
  <ItemGroup>
    <ClCompile Include="main.cpp">
      <Filter>Quelldateien</Filter>
    </ClCompile>
    <ClCompile Include="..\vendor\GLAD\src\glad.c">
      <Filter>Quelldateien</Filter>
    </ClCompile>
    <ClCompile Include="Applications\KatiApplication\K_App.cpp">
      <Filter>Quelldateien</Filter>
    </ClCompile>
    <ClCompile Include="Applications\GebertApplication\G_App.cpp">
      <Filter>Quelldateien</Filter>
    </ClCompile>
    <ClCompile Include="Math\mat4x4.cpp">
      <Filter>Quelldateien</Filter>
    </ClCompile>
    <ClCompile Include="Math\vec3.cpp">
      <Filter>Quelldateien</Filter>
    </ClCompile>
    <ClCompile Include="Math\vec4.cpp">
      <Filter>Quelldateien</Filter>
    </ClCompile>
    <ClCompile Include="GeKo\window.cpp">
      <Filter>Quelldateien</Filter>
    </ClCompile>
    <ClCompile Include="GeKo\Renderer\Shader.cpp">
      <Filter>Quelldateien</Filter>
    </ClCompile>
    <ClCompile Include="GeKo\Renderer\Buffer.cpp">
      <Filter>Quelldateien</Filter>
    </ClCompile>
    <ClCompile Include="GeKo\Renderer\VertexArray.cpp">
      <Filter>Quelldateien</Filter>
    </ClCompile>
  </ItemGroup>
  <ItemGroup>
    <ClInclude Include="Applications\KatiApplication\K_App.h">
      <Filter>Headerdateien</Filter>
    </ClInclude>
    <ClInclude Include="Applications\GebertApplication\G_App.h">
      <Filter>Headerdateien</Filter>
    </ClInclude>
    <ClInclude Include="Math\mat4x4.h">
      <Filter>Headerdateien</Filter>
    </ClInclude>
    <ClInclude Include="Math\vec3.h">
      <Filter>Headerdateien</Filter>
    </ClInclude>
    <ClInclude Include="Math\vec4.h">
      <Filter>Headerdateien</Filter>
    </ClInclude>
    <ClInclude Include="GeKo\window.h">
      <Filter>Headerdateien</Filter>
    </ClInclude>
    <ClInclude Include="GeKo\Renderer\Shader.h">
      <Filter>Headerdateien</Filter>
    </ClInclude>
    <ClInclude Include="GeKo\Renderer\Buffer.h">
      <Filter>Headerdateien</Filter>
    </ClInclude>
    <ClInclude Include="GeKo\Renderer\VertexArray.h">
      <Filter>Headerdateien</Filter>
    </ClInclude>
    <ClInclude Include="Math\const.h">
      <Filter>Headerdateien</Filter>
    </ClInclude>
    <ClInclude Include="Math\fwd.h">
      <Filter>Headerdateien</Filter>
    </ClInclude>
  </ItemGroup>
  <ItemGroup>
    <None Include="Applications\KatiApplication\Shader\basic.frag" />
    <None Include="Applications\KatiApplication\Shader\basic.vert" />
  </ItemGroup>
</Project>